
Microsoft Visual Studio Solution File, Format Version 12.00
# Visual Studio 15
VisualStudioVersion = 15.0.28307.168
MinimumVisualStudioVersion = 10.0.40219.1
Project("{FAE04EC0-301F-11D3-BF4B-00C04F79EFBC}") = "BaiTest", "BaiTest\BaiTest.csproj", "{D04227C4-45ED-4166-A907-8538C30514EE}"
EndProject
Global
	GlobalSection(SolutionConfigurationPlatforms) = preSolution
		Debug|Any CPU = Debug|Any CPU
		Release|Any CPU = Release|Any CPU
	EndGlobalSection
	GlobalSection(ProjectConfigurationPlatforms) = postSolution
		{D04227C4-45ED-4166-A907-8538C30514EE}.Debug|Any CPU.ActiveCfg = Debug|Any CPU
		{D04227C4-45ED-4166-A907-8538C30514EE}.Debug|Any CPU.Build.0 = Debug|Any CPU
		{D04227C4-45ED-4166-A907-8538C30514EE}.Release|Any CPU.ActiveCfg = Release|Any CPU
		{D04227C4-45ED-4166-A907-8538C30514EE}.Release|Any CPU.Build.0 = Release|Any CPU
	EndGlobalSection
	GlobalSection(SolutionProperties) = preSolution
		HideSolutionNode = FALSE
	EndGlobalSection
	GlobalSection(ExtensibilityGlobals) = postSolution
		SolutionGuid = {ACB05AC2-3339-476F-918D-2948DBC411FA}
	EndGlobalSection
EndGlobal
